# THIS IS AN AUTOGENERATED FILE. DO NOT EDIT THIS FILE DIRECTLY.
# yarn lockfile v1


"@neojp/tailwindcss-mix-blend-mode-utilities@^1.0.3":
  version "1.0.3"
  resolved "https://registry.yarnpkg.com/@neojp/tailwindcss-mix-blend-mode-utilities/-/tailwindcss-mix-blend-mode-utilities-1.0.3.tgz#012821f2b6fc3b264dea156c06825acc0a4f6307"
  integrity sha512-vLhbhceueFdBarZliI4UCaUCLr3sI1XJ0pGh6pZkwm3pHcnnZn012NaGNZHc/qm2Bj7QUrC2R7bFCPOE0huyHg==
